<Solution>
    <Project Path="tests\Numos.API.Dangerous.Tests\Numos.API.Dangerous.Tests.csproj"/>
    <Project Path="tests\Numos.API.Tests\Numos.API.Tests.csproj"/>
    <Project Path="tests\Numos.CoreSim.IntegrationTests\Numos.CoreSim.IntegrationTests.csproj"/>
    <Project Path="tests\Numos.CoreSim.Tests\Numos.CoreSim.Tests.csproj"/>
    <Project Path="tests\Numos.Maths.Tests\Numos.Maths.Tests.csproj"/>

    <Project Path="src\Numos.API.Dangerous\Numos.API.Dangerous.csproj"/>
    <Project Path="src\Numos.API\Numos.API.csproj"/>
    <Project Path="src\Numos.CoreSim\Numos.CoreSim.csproj"/>
    <Project Path="src\Numos.Maths\Numos.Maths.csproj"/>
</Solution>
